
Microsoft Visual Studio Solution File, Format Version 12.00
# Visual Studio Version 17
VisualStudioVersion = 17.4.33103.184
MinimumVisualStudioVersion = 10.0.40219.1
Project("{9A19103F-16F7-4668-BE54-9A1E7A4F7556}") = "SwipepickServer", "SwipepickServer.csproj", "{9F1ACA9E-6326-48E2-BE99-BAB86E6506FA}"
EndProject
Project("{FAE04EC0-301F-11D3-BF4B-00C04F79EFBC}") = "DAL", "..\DAL\DAL.csproj", "{B4F8B76E-78CD-4006-A243-519E06320BB1}"
EndProject
Global
	GlobalSection(SolutionConfigurationPlatforms) = preSolution
		Debug|Any CPU = Debug|Any CPU
		Release|Any CPU = Release|Any CPU
	EndGlobalSection
	GlobalSection(ProjectConfigurationPlatforms) = postSolution
		{9F1ACA9E-6326-48E2-BE99-BAB86E6506FA}.Debug|Any CPU.ActiveCfg = Debug|Any CPU
		{9F1ACA9E-6326-48E2-BE99-BAB86E6506FA}.Debug|Any CPU.Build.0 = Debug|Any CPU
		{9F1ACA9E-6326-48E2-BE99-BAB86E6506FA}.Release|Any CPU.ActiveCfg = Release|Any CPU
		{9F1ACA9E-6326-48E2-BE99-BAB86E6506FA}.Release|Any CPU.Build.0 = Release|Any CPU
		{B4F8B76E-78CD-4006-A243-519E06320BB1}.Debug|Any CPU.ActiveCfg = Debug|Any CPU
		{B4F8B76E-78CD-4006-A243-519E06320BB1}.Debug|Any CPU.Build.0 = Debug|Any CPU
		{B4F8B76E-78CD-4006-A243-519E06320BB1}.Release|Any CPU.ActiveCfg = Release|Any CPU
		{B4F8B76E-78CD-4006-A243-519E06320BB1}.Release|Any CPU.Build.0 = Release|Any CPU
	EndGlobalSection
	GlobalSection(SolutionProperties) = preSolution
		HideSolutionNode = FALSE
	EndGlobalSection
	GlobalSection(ExtensibilityGlobals) = postSolution
		SolutionGuid = {BBEAB2E0-564D-437A-BDE6-0BE56BC6BA08}
	EndGlobalSection
EndGlobal
